// !$*UTF8*$!
{
	archiveVersion = 1;
	classes = {
	};
	objectVersion = 50;
	objects = {

/* Begin PBXBuildFile section */
		7961A137CC81D479F471B2B9 /* Pods_Blink_Demo.framework in Frameworks */ = {isa = PBXBuildFile; fileRef = 382055D100359BD6936A0040 /* Pods_Blink_Demo.framework */; };
		AC09886A23955641000F71DA /* AppDelegate.swift in Sources */ = {isa = PBXBuildFile; fileRef = AC09886923955641000F71DA /* AppDelegate.swift */; };
		AC09886C23955641000F71DA /* SceneDelegate.swift in Sources */ = {isa = PBXBuildFile; fileRef = AC09886B23955641000F71DA /* SceneDelegate.swift */; };
		AC09886E23955641000F71DA /* ViewController.swift in Sources */ = {isa = PBXBuildFile; fileRef = AC09886D23955641000F71DA /* ViewController.swift */; };
		AC09887123955642000F71DA /* Main.storyboard in Resources */ = {isa = PBXBuildFile; fileRef = AC09886F23955642000F71DA /* Main.storyboard */; };
		AC09887323955642000F71DA /* Assets.xcassets in Resources */ = {isa = PBXBuildFile; fileRef = AC09887223955642000F71DA /* Assets.xcassets */; };
		AC09887623955642000F71DA /* LaunchScreen.storyboard in Resources */ = {isa = PBXBuildFile; fileRef = AC09887423955642000F71DA /* LaunchScreen.storyboard */; };
		AC098880239635CF000F71DA /* CustomViewController.swift in Sources */ = {isa = PBXBuildFile; fileRef = AC09887F239635CF000F71DA /* CustomViewController.swift */; };
/* End PBXBuildFile section */

/* Begin PBXFileReference section */
		29055438325083724623F157 /* Pods-Blink Demo.debug.xcconfig */ = {isa = PBXFileReference; includeInIndex = 1; lastKnownFileType = text.xcconfig; name = "Pods-Blink Demo.debug.xcconfig"; path = "Target Support Files/Pods-Blink Demo/Pods-Blink Demo.debug.xcconfig"; sourceTree = "<group>"; };
		382055D100359BD6936A0040 /* Pods_Blink_Demo.framework */ = {isa = PBXFileReference; explicitFileType = wrapper.framework; includeInIndex = 0; path = Pods_Blink_Demo.framework; sourceTree = BUILT_PRODUCTS_DIR; };
		7E5500D931FC6D2F72C7ADCD /* Pods-Blink Demo.release.xcconfig */ = {isa = PBXFileReference; includeInIndex = 1; lastKnownFileType = text.xcconfig; name = "Pods-Blink Demo.release.xcconfig"; path = "Target Support Files/Pods-Blink Demo/Pods-Blink Demo.release.xcconfig"; sourceTree = "<group>"; };
		AC09886623955641000F71DA /* Blink Demo.app */ = {isa = PBXFileReference; explicitFileType = wrapper.application; includeInIndex = 0; path = "Blink Demo.app"; sourceTree = BUILT_PRODUCTS_DIR; };
		AC09886923955641000F71DA /* AppDelegate.swift */ = {isa = PBXFileReference; lastKnownFileType = sourcecode.swift; path = AppDelegate.swift; sourceTree = "<group>"; };
		AC09886B23955641000F71DA /* SceneDelegate.swift */ = {isa = PBXFileReference; lastKnownFileType = sourcecode.swift; path = SceneDelegate.swift; sourceTree = "<group>"; };
		AC09886D23955641000F71DA /* ViewController.swift */ = {isa = PBXFileReference; lastKnownFileType = sourcecode.swift; path = ViewController.swift; sourceTree = "<group>"; };
		AC09887023955642000F71DA /* Base */ = {isa = PBXFileReference; lastKnownFileType = file.storyboard; name = Base; path = Base.lproj/Main.storyboard; sourceTree = "<group>"; };
		AC09887223955642000F71DA /* Assets.xcassets */ = {isa = PBXFileReference; lastKnownFileType = folder.assetcatalog; path = Assets.xcassets; sourceTree = "<group>"; };
		AC09887523955642000F71DA /* Base */ = {isa = PBXFileReference; lastKnownFileType = file.storyboard; name = Base; path = Base.lproj/LaunchScreen.storyboard; sourceTree = "<group>"; };
		AC09887723955642000F71DA /* Info.plist */ = {isa = PBXFileReference; lastKnownFileType = text.plist.xml; path = Info.plist; sourceTree = "<group>"; };
		AC09887F239635CF000F71DA /* CustomViewController.swift */ = {isa = PBXFileReference; lastKnownFileType = sourcecode.swift; path = CustomViewController.swift; sourceTree = "<group>"; };
/* End PBXFileReference section */

/* Begin PBXFrameworksBuildPhase section */
		AC09886323955641000F71DA /* Frameworks */ = {
			isa = PBXFrameworksBuildPhase;
			buildActionMask = 2147483647;
			files = (
				7961A137CC81D479F471B2B9 /* Pods_Blink_Demo.framework in Frameworks */,
			);
			runOnlyForDeploymentPostprocessing = 0;
		};
/* End PBXFrameworksBuildPhase section */

/* Begin PBXGroup section */
		AC09885D23955641000F71DA = {
			isa = PBXGroup;
			children = (
				AC09886823955641000F71DA /* Blink Demo */,
				AC09886723955641000F71DA /* Products */,
				D4B4164D75FB3F7DDA8EC931 /* Pods */,
				C34FC2B70DA1C1A8EE442853 /* Frameworks */,
			);
			sourceTree = "<group>";
		};
		AC09886723955641000F71DA /* Products */ = {
			isa = PBXGroup;
			children = (
				AC09886623955641000F71DA /* Blink Demo.app */,
			);
			name = Products;
			sourceTree = "<group>";
		};
		AC09886823955641000F71DA /* Blink Demo */ = {
			isa = PBXGroup;
			children = (
				AC09886923955641000F71DA /* AppDelegate.swift */,
				AC09886B23955641000F71DA /* SceneDelegate.swift */,
				AC09886D23955641000F71DA /* ViewController.swift */,
				AC09886F23955642000F71DA /* Main.storyboard */,
				AC09887223955642000F71DA /* Assets.xcassets */,
				AC09887423955642000F71DA /* LaunchScreen.storyboard */,
				AC09887723955642000F71DA /* Info.plist */,
				AC09887F239635CF000F71DA /* CustomViewController.swift */,
			);
			path = "Blink Demo";
			sourceTree = "<group>";
		};
		C34FC2B70DA1C1A8EE442853 /* Frameworks */ = {
			isa = PBXGroup;
			children = (
				382055D100359BD6936A0040 /* Pods_Blink_Demo.framework */,
			);
			name = Frameworks;
			sourceTree = "<group>";
		};
		D4B4164D75FB3F7DDA8EC931 /* Pods */ = {
			isa = PBXGroup;
			children = (
				29055438325083724623F157 /* Pods-Blink Demo.debug.xcconfig */,
				7E5500D931FC6D2F72C7ADCD /* Pods-Blink Demo.release.xcconfig */,
			);
			name = Pods;
			path = Pods;
			sourceTree = "<group>";
		};
/* End PBXGroup section */

/* Begin PBXNativeTarget section */
		AC09886523955641000F71DA /* Blink Demo */ = {
			isa = PBXNativeTarget;
			buildConfigurationList = AC09887A23955642000F71DA /* Build configuration list for PBXNativeTarget "Blink Demo" */;
			buildPhases = (
				9EEB72908BE36293A3387D74 /* [CP] Check Pods Manifest.lock */,
				AC09886223955641000F71DA /* Sources */,
				AC09886323955641000F71DA /* Frameworks */,
				AC09886423955641000F71DA /* Resources */,
				C2BCC29628C82B75FFC67903 /* [CP] Embed Pods Frameworks */,
			);
			buildRules = (
			);
			dependencies = (
			);
			name = "Blink Demo";
			productName = "Blink Demo";
			productReference = AC09886623955641000F71DA /* Blink Demo.app */;
			productType = "com.apple.product-type.application";
		};
/* End PBXNativeTarget section */

/* Begin PBXProject section */
		AC09885E23955641000F71DA /* Project object */ = {
			isa = PBXProject;
			attributes = {
				LastSwiftUpdateCheck = 1120;
				LastUpgradeCheck = 1120;
				ORGANIZATIONNAME = "Mario Vukasinovic";
				TargetAttributes = {
					AC09886523955641000F71DA = {
						CreatedOnToolsVersion = 11.2.1;
					};
				};
			};
			buildConfigurationList = AC09886123955641000F71DA /* Build configuration list for PBXProject "Blink Demo" */;
			compatibilityVersion = "Xcode 9.3";
			developmentRegion = en;
			hasScannedForEncodings = 0;
			knownRegions = (
				en,
				Base,
			);
			mainGroup = AC09885D23955641000F71DA;
			productRefGroup = AC09886723955641000F71DA /* Products */;
			projectDirPath = "";
			projectRoot = "";
			targets = (
				AC09886523955641000F71DA /* Blink Demo */,
			);
		};
/* End PBXProject section */

/* Begin PBXResourcesBuildPhase section */
		AC09886423955641000F71DA /* Resources */ = {
			isa = PBXResourcesBuildPhase;
			buildActionMask = 2147483647;
			files = (
				AC09887623955642000F71DA /* LaunchScreen.storyboard in Resources */,
				AC09887323955642000F71DA /* Assets.xcassets in Resources */,
				AC09887123955642000F71DA /* Main.storyboard in Resources */,
			);
			runOnlyForDeploymentPostprocessing = 0;
		};
/* End PBXResourcesBuildPhase section */

/* Begin PBXShellScriptBuildPhase section */
		9EEB72908BE36293A3387D74 /* [CP] Check Pods Manifest.lock */ = {
			isa = PBXShellScriptBuildPhase;
			buildActionMask = 2147483647;
			files = (
			);
			inputFileListPaths = (
			);
			inputPaths = (
				"${PODS_PODFILE_DIR_PATH}/Podfile.lock",
				"${PODS_ROOT}/Manifest.lock",
			);
			name = "[CP] Check Pods Manifest.lock";
			outputFileListPaths = (
			);
			outputPaths = (
				"$(DERIVED_FILE_DIR)/Pods-Blink Demo-checkManifestLockResult.txt",
			);
			runOnlyForDeploymentPostprocessing = 0;
			shellPath = /bin/sh;
			shellScript = "diff \"${PODS_PODFILE_DIR_PATH}/Podfile.lock\" \"${PODS_ROOT}/Manifest.lock\" > /dev/null\nif [ $? != 0 ] ; then\n    # print error to STDERR\n    echo \"error: The sandbox is not in sync with the Podfile.lock. Run 'pod install' or update your CocoaPods installation.\" >&2\n    exit 1\nfi\n# This output is used by Xcode 'outputs' to avoid re-running this script phase.\necho \"SUCCESS\" > \"${SCRIPT_OUTPUT_FILE_0}\"\n";
			showEnvVarsInLog = 0;
		};
		C2BCC29628C82B75FFC67903 /* [CP] Embed Pods Frameworks */ = {
			isa = PBXShellScriptBuildPhase;
			buildActionMask = 2147483647;
			files = (
			);
			inputFileListPaths = (
				"${PODS_ROOT}/Target Support Files/Pods-Blink Demo/Pods-Blink Demo-frameworks-${CONFIGURATION}-input-files.xcfilelist",
			);
			name = "[CP] Embed Pods Frameworks";
			outputFileListPaths = (
				"${PODS_ROOT}/Target Support Files/Pods-Blink Demo/Pods-Blink Demo-frameworks-${CONFIGURATION}-output-files.xcfilelist",
			);
			runOnlyForDeploymentPostprocessing = 0;
			shellPath = /bin/sh;
			shellScript = "\"${PODS_ROOT}/Target Support Files/Pods-Blink Demo/Pods-Blink Demo-frameworks.sh\"\n";
			showEnvVarsInLog = 0;
		};
/* End PBXShellScriptBuildPhase section */

/* Begin PBXSourcesBuildPhase section */
		AC09886223955641000F71DA /* Sources */ = {
			isa = PBXSourcesBuildPhase;
			buildActionMask = 2147483647;
			files = (
				AC09886E23955641000F71DA /* ViewController.swift in Sources */,
				AC09886A23955641000F71DA /* AppDelegate.swift in Sources */,
				AC09886C23955641000F71DA /* SceneDelegate.swift in Sources */,
				AC098880239635CF000F71DA /* CustomViewController.swift in Sources */,
			);
			runOnlyForDeploymentPostprocessing = 0;
		};
/* End PBXSourcesBuildPhase section */

/* Begin PBXVariantGroup section */
		AC09886F23955642000F71DA /* Main.storyboard */ = {
			isa = PBXVariantGroup;
			children = (
				AC09887023955642000F71DA /* Base */,
			);
			name = Main.storyboard;
			sourceTree = "<group>";
		};
		AC09887423955642000F71DA /* LaunchScreen.storyboard */ = {
			isa = PBXVariantGroup;
			children = (
				AC09887523955642000F71DA /* Base */,
			);
			name = LaunchScreen.storyboard;
			sourceTree = "<group>";
		};
/* End PBXVariantGroup section */

/* Begin XCBuildConfiguration section */
		AC09887823955642000F71DA /* Debug */ = {
			isa = XCBuildConfiguration;
			buildSettings = {
				ALWAYS_SEARCH_USER_PATHS = NO;
				CLANG_ANALYZER_NONNULL = YES;
				CLANG_ANALYZER_NUMBER_OBJECT_CONVERSION = YES_AGGRESSIVE;
				CLANG_CXX_LANGUAGE_STANDARD = "gnu++14";
				CLANG_CXX_LIBRARY = "libc++";
				CLANG_ENABLE_MODULES = YES;
				CLANG_ENABLE_OBJC_ARC = YES;
				CLANG_ENABLE_OBJC_WEAK = YES;
				CLANG_WARN_BLOCK_CAPTURE_AUTORELEASING = YES;
				CLANG_WARN_BOOL_CONVERSION = YES;
				CLANG_WARN_COMMA = YES;
				CLANG_WARN_CONSTANT_CONVERSION = YES;
				CLANG_WARN_DEPRECATED_OBJC_IMPLEMENTATIONS = YES;
				CLANG_WARN_DIRECT_OBJC_ISA_USAGE = YES_ERROR;
				CLANG_WARN_DOCUMENTATION_COMMENTS = YES;
				CLANG_WARN_EMPTY_BODY = YES;
				CLANG_WARN_ENUM_CONVERSION = YES;
				CLANG_WARN_INFINITE_RECURSION = YES;
				CLANG_WARN_INT_CONVERSION = YES;
				CLANG_WARN_NON_LITERAL_NULL_CONVERSION = YES;
				CLANG_WARN_OBJC_IMPLICIT_RETAIN_SELF = YES;
				CLANG_WARN_OBJC_LITERAL_CONVERSION = YES;
				CLANG_WARN_OBJC_ROOT_CLASS = YES_ERROR;
				CLANG_WARN_RANGE_LOOP_ANALYSIS = YES;
				CLANG_WARN_STRICT_PROTOTYPES = YES;
				CLANG_WARN_SUSPICIOUS_MOVE = YES;
				CLANG_WARN_UNGUARDED_AVAILABILITY = YES_AGGRESSIVE;
				CLANG_WARN_UNREACHABLE_CODE = YES;
				CLANG_WARN__DUPLICATE_METHOD_MATCH = YES;
				COPY_PHASE_STRIP = NO;
				DEBUG_INFORMATION_FORMAT = dwarf;
				ENABLE_STRICT_OBJC_MSGSEND = YES;
				ENABLE_TESTABILITY = YES;
				GCC_C_LANGUAGE_STANDARD = gnu11;
				GCC_DYNAMIC_NO_PIC = NO;
				GCC_NO_COMMON_BLOCKS = YES;
				GCC_OPTIMIZATION_LEVEL = 0;
				GCC_PREPROCESSOR_DEFINITIONS = (
					"DEBUG=1",
					"$(inherited)",
				);
				GCC_WARN_64_TO_32_BIT_CONVERSION = YES;
				GCC_WARN_ABOUT_RETURN_TYPE = YES_ERROR;
				GCC_WARN_UNDECLARED_SELECTOR = YES;
				GCC_WARN_UNINITIALIZED_AUTOS = YES_AGGRESSIVE;
				GCC_WARN_UNUSED_FUNCTION = YES;
				GCC_WARN_UNUSED_VARIABLE = YES;
				IPHONEOS_DEPLOYMENT_TARGET = 13.2;
				MTL_ENABLE_DEBUG_INFO = INCLUDE_SOURCE;
				MTL_FAST_MATH = YES;
				ONLY_ACTIVE_ARCH = YES;
				SDKROOT = iphoneos;
				SWIFT_ACTIVE_COMPILATION_CONDITIONS = DEBUG;
				SWIFT_OPTIMIZATION_LEVEL = "-Onone";
			};
			name = Debug;
		};
		AC09887923955642000F71DA /* Release */ = {
			isa = XCBuildConfiguration;
			buildSettings = {
				ALWAYS_SEARCH_USER_PATHS = NO;
				CLANG_ANALYZER_NONNULL = YES;
				CLANG_ANALYZER_NUMBER_OBJECT_CONVERSION = YES_AGGRESSIVE;
				CLANG_CXX_LANGUAGE_STANDARD = "gnu++14";
				CLANG_CXX_LIBRARY = "libc++";
				CLANG_ENABLE_MODULES = YES;
				CLANG_ENABLE_OBJC_ARC = YES;
				CLANG_ENABLE_OBJC_WEAK = YES;
				CLANG_WARN_BLOCK_CAPTURE_AUTORELEASING = YES;
				CLANG_WARN_BOOL_CONVERSION = YES;
				CLANG_WARN_COMMA = YES;
				CLANG_WARN_CONSTANT_CONVERSION = YES;
				CLANG_WARN_DEPRECATED_OBJC_IMPLEMENTATIONS = YES;
				CLANG_WARN_DIRECT_OBJC_ISA_USAGE = YES_ERROR;
				CLANG_WARN_DOCUMENTATION_COMMENTS = YES;
				CLANG_WARN_EMPTY_BODY = YES;
				CLANG_WARN_ENUM_CONVERSION = YES;
				CLANG_WARN_INFINITE_RECURSION = YES;
				CLANG_WARN_INT_CONVERSION = YES;
				CLANG_WARN_NON_LITERAL_NULL_CONVERSION = YES;
				CLANG_WARN_OBJC_IMPLICIT_RETAIN_SELF = YES;
				CLANG_WARN_OBJC_LITERAL_CONVERSION = YES;
				CLANG_WARN_OBJC_ROOT_CLASS = YES_ERROR;
				CLANG_WARN_RANGE_LOOP_ANALYSIS = YES;
				CLANG_WARN_STRICT_PROTOTYPES = YES;
				CLANG_WARN_SUSPICIOUS_MOVE = YES;
				CLANG_WARN_UNGUARDED_AVAILABILITY = YES_AGGRESSIVE;
				CLANG_WARN_UNREACHABLE_CODE = YES;
				CLANG_WARN__DUPLICATE_METHOD_MATCH = YES;
				COPY_PHASE_STRIP = NO;
				DEBUG_INFORMATION_FORMAT = "dwarf-with-dsym";
				ENABLE_NS_ASSERTIONS = NO;
				ENABLE_STRICT_OBJC_MSGSEND = YES;
				GCC_C_LANGUAGE_STANDARD = gnu11;
				GCC_NO_COMMON_BLOCKS = YES;
				GCC_WARN_64_TO_32_BIT_CONVERSION = YES;
				GCC_WARN_ABOUT_RETURN_TYPE = YES_ERROR;
				GCC_WARN_UNDECLARED_SELECTOR = YES;
				GCC_WARN_UNINITIALIZED_AUTOS = YES_AGGRESSIVE;
				GCC_WARN_UNUSED_FUNCTION = YES;
				GCC_WARN_UNUSED_VARIABLE = YES;
				IPHONEOS_DEPLOYMENT_TARGET = 13.2;
				MTL_ENABLE_DEBUG_INFO = NO;
				MTL_FAST_MATH = YES;
				SDKROOT = iphoneos;
				SWIFT_COMPILATION_MODE = wholemodule;
				SWIFT_OPTIMIZATION_LEVEL = "-O";
				VALIDATE_PRODUCT = YES;
			};
			name = Release;
		};
		AC09887B23955642000F71DA /* Debug */ = {
			isa = XCBuildConfiguration;
			baseConfigurationReference = 29055438325083724623F157 /* Pods-Blink Demo.debug.xcconfig */;
			buildSettings = {
				ASSETCATALOG_COMPILER_APPICON_NAME = AppIcon;
				CODE_SIGN_STYLE = Automatic;
				INFOPLIST_FILE = "Blink Demo/Info.plist";
				LD_RUNPATH_SEARCH_PATHS = (
					"$(inherited)",
					"@executable_path/Frameworks",
				);
				PRODUCT_BUNDLE_IDENTIFIER = "Basiq.Blink-Demo";
				PRODUCT_NAME = "$(TARGET_NAME)";
				SWIFT_VERSION = 5.0;
				TARGETED_DEVICE_FAMILY = "1,2";
			};
			name = Debug;
		};
		AC09887C23955642000F71DA /* Release */ = {
			isa = XCBuildConfiguration;
			baseConfigurationReference = 7E5500D931FC6D2F72C7ADCD /* Pods-Blink Demo.release.xcconfig */;
			buildSettings = {
				ASSETCATALOG_COMPILER_APPICON_NAME = AppIcon;
				CODE_SIGN_STYLE = Automatic;
				INFOPLIST_FILE = "Blink Demo/Info.plist";
				LD_RUNPATH_SEARCH_PATHS = (
					"$(inherited)",
					"@executable_path/Frameworks",
				);
				PRODUCT_BUNDLE_IDENTIFIER = "Basiq.Blink-Demo";
				PRODUCT_NAME = "$(TARGET_NAME)";
				SWIFT_VERSION = 5.0;
				TARGETED_DEVICE_FAMILY = "1,2";
			};
			name = Release;
		};
/* End XCBuildConfiguration section */

/* Begin XCConfigurationList section */
		AC09886123955641000F71DA /* Build configuration list for PBXProject "Blink Demo" */ = {
			isa = XCConfigurationList;
			buildConfigurations = (
				AC09887823955642000F71DA /* Debug */,
				AC09887923955642000F71DA /* Release */,
			);
			defaultConfigurationIsVisible = 0;
			defaultConfigurationName = Release;
		};
		AC09887A23955642000F71DA /* Build configuration list for PBXNativeTarget "Blink Demo" */ = {
			isa = XCConfigurationList;
			buildConfigurations = (
				AC09887B23955642000F71DA /* Debug */,
				AC09887C23955642000F71DA /* Release */,
			);
			defaultConfigurationIsVisible = 0;
			defaultConfigurationName = Release;
		};
/* End XCConfigurationList section */
	};
	rootObject = AC09885E23955641000F71DA /* Project object */;
}
